
Microsoft Visual Studio Solution File, Format Version 12.00
# Visual Studio Version 17
VisualStudioVersion = 17.12.35527.113
MinimumVisualStudioVersion = 10.0.40219.1
Project("{FAE04EC0-301F-11D3-BF4B-00C04F79EFBC}") = "TrackItApi.Domain", "TrackItApi.Domain\TrackItApi.Domain.csproj", "{9F6CF02E-1E3A-4374-B683-2BB89534C5EC}"
EndProject
Project("{FAE04EC0-301F-11D3-BF4B-00C04F79EFBC}") = "TrackApi.Application", "TrackApi.Application\TrackApi.Application.csproj", "{DB69EBBB-2D43-4DCC-A179-2AC4969D8791}"
EndProject
Project("{FAE04EC0-301F-11D3-BF4B-00C04F79EFBC}") = "TrackApi.Infrastructure", "TrackApi.Infrastructure\TrackApi.Infrastructure.csproj", "{C983FA28-2E60-42FB-976D-22F497AE3F02}"
EndProject
Project("{FAE04EC0-301F-11D3-BF4B-00C04F79EFBC}") = "Host", "Host\Host.csproj", "{4C555943-70A1-48DC-8E07-DD138AD86D2B}"
EndProject
Project("{FAE04EC0-301F-11D3-BF4B-00C04F79EFBC}") = "TrackItApi.Config", "TrackItApi.Configuration\TrackItApi.Config.csproj", "{311025B3-F890-4ABF-82D6-4544649A2578}"
EndProject
Project("{FAE04EC0-301F-11D3-BF4B-00C04F79EFBC}") = "TrackItApi.Common", "TrackItApi.Common\TrackItApi.Common.csproj", "{4DABB1DE-0C72-4191-BF4A-388FBD27383F}"
EndProject
Project("{2150E333-8FDC-42A3-9474-1A3956D46DE8}") = "src", "src", "{A730C361-881A-434C-AE61-49E61E4DC1FB}"
EndProject
Project("{2150E333-8FDC-42A3-9474-1A3956D46DE8}") = "tests", "tests", "{B8559066-3EB4-4592-BE3E-891835A9E26E}"
EndProject
Project("{FAE04EC0-301F-11D3-BF4B-00C04F79EFBC}") = "TrackItApi.UnitTests", "TrackItApi.UnitTests\TrackItApi.UnitTests.csproj", "{667AA593-E3F7-4AD9-A8A4-D88BFEBBE4C7}"
EndProject
Global
	GlobalSection(SolutionConfigurationPlatforms) = preSolution
		Debug|Any CPU = Debug|Any CPU
		Release|Any CPU = Release|Any CPU
	EndGlobalSection
	GlobalSection(ProjectConfigurationPlatforms) = postSolution
		{9F6CF02E-1E3A-4374-B683-2BB89534C5EC}.Debug|Any CPU.ActiveCfg = Debug|Any CPU
		{9F6CF02E-1E3A-4374-B683-2BB89534C5EC}.Debug|Any CPU.Build.0 = Debug|Any CPU
		{9F6CF02E-1E3A-4374-B683-2BB89534C5EC}.Release|Any CPU.ActiveCfg = Release|Any CPU
		{9F6CF02E-1E3A-4374-B683-2BB89534C5EC}.Release|Any CPU.Build.0 = Release|Any CPU
		{DB69EBBB-2D43-4DCC-A179-2AC4969D8791}.Debug|Any CPU.ActiveCfg = Debug|Any CPU
		{DB69EBBB-2D43-4DCC-A179-2AC4969D8791}.Debug|Any CPU.Build.0 = Debug|Any CPU
		{DB69EBBB-2D43-4DCC-A179-2AC4969D8791}.Release|Any CPU.ActiveCfg = Release|Any CPU
		{DB69EBBB-2D43-4DCC-A179-2AC4969D8791}.Release|Any CPU.Build.0 = Release|Any CPU
		{C983FA28-2E60-42FB-976D-22F497AE3F02}.Debug|Any CPU.ActiveCfg = Debug|Any CPU
		{C983FA28-2E60-42FB-976D-22F497AE3F02}.Debug|Any CPU.Build.0 = Debug|Any CPU
		{C983FA28-2E60-42FB-976D-22F497AE3F02}.Release|Any CPU.ActiveCfg = Release|Any CPU
		{C983FA28-2E60-42FB-976D-22F497AE3F02}.Release|Any CPU.Build.0 = Release|Any CPU
		{4C555943-70A1-48DC-8E07-DD138AD86D2B}.Debug|Any CPU.ActiveCfg = Debug|Any CPU
		{4C555943-70A1-48DC-8E07-DD138AD86D2B}.Debug|Any CPU.Build.0 = Debug|Any CPU
		{4C555943-70A1-48DC-8E07-DD138AD86D2B}.Release|Any CPU.ActiveCfg = Release|Any CPU
		{4C555943-70A1-48DC-8E07-DD138AD86D2B}.Release|Any CPU.Build.0 = Release|Any CPU
		{311025B3-F890-4ABF-82D6-4544649A2578}.Debug|Any CPU.ActiveCfg = Debug|Any CPU
		{311025B3-F890-4ABF-82D6-4544649A2578}.Debug|Any CPU.Build.0 = Debug|Any CPU
		{311025B3-F890-4ABF-82D6-4544649A2578}.Release|Any CPU.ActiveCfg = Release|Any CPU
		{311025B3-F890-4ABF-82D6-4544649A2578}.Release|Any CPU.Build.0 = Release|Any CPU
		{4DABB1DE-0C72-4191-BF4A-388FBD27383F}.Debug|Any CPU.ActiveCfg = Debug|Any CPU
		{4DABB1DE-0C72-4191-BF4A-388FBD27383F}.Debug|Any CPU.Build.0 = Debug|Any CPU
		{4DABB1DE-0C72-4191-BF4A-388FBD27383F}.Release|Any CPU.ActiveCfg = Release|Any CPU
		{4DABB1DE-0C72-4191-BF4A-388FBD27383F}.Release|Any CPU.Build.0 = Release|Any CPU
		{667AA593-E3F7-4AD9-A8A4-D88BFEBBE4C7}.Debug|Any CPU.ActiveCfg = Debug|Any CPU
		{667AA593-E3F7-4AD9-A8A4-D88BFEBBE4C7}.Debug|Any CPU.Build.0 = Debug|Any CPU
		{667AA593-E3F7-4AD9-A8A4-D88BFEBBE4C7}.Release|Any CPU.ActiveCfg = Release|Any CPU
		{667AA593-E3F7-4AD9-A8A4-D88BFEBBE4C7}.Release|Any CPU.Build.0 = Release|Any CPU
	EndGlobalSection
	GlobalSection(SolutionProperties) = preSolution
		HideSolutionNode = FALSE
	EndGlobalSection
	GlobalSection(NestedProjects) = preSolution
		{9F6CF02E-1E3A-4374-B683-2BB89534C5EC} = {A730C361-881A-434C-AE61-49E61E4DC1FB}
		{DB69EBBB-2D43-4DCC-A179-2AC4969D8791} = {A730C361-881A-434C-AE61-49E61E4DC1FB}
		{C983FA28-2E60-42FB-976D-22F497AE3F02} = {A730C361-881A-434C-AE61-49E61E4DC1FB}
		{4C555943-70A1-48DC-8E07-DD138AD86D2B} = {A730C361-881A-434C-AE61-49E61E4DC1FB}
		{311025B3-F890-4ABF-82D6-4544649A2578} = {A730C361-881A-434C-AE61-49E61E4DC1FB}
		{4DABB1DE-0C72-4191-BF4A-388FBD27383F} = {A730C361-881A-434C-AE61-49E61E4DC1FB}
		{667AA593-E3F7-4AD9-A8A4-D88BFEBBE4C7} = {B8559066-3EB4-4592-BE3E-891835A9E26E}
	EndGlobalSection
EndGlobal
